PODS:
  - LookinServer (1.0.0)
  - TZImagePickerController (3.2.9)
  - XNavigationBar (0.1.2)

DEPENDENCIES:
  - LookinServer
  - TZImagePickerController (~> 3.2.9)
  - XNavigationBar (from `../`)

SPEC REPOS:
  trunk:
    - LookinServer
    - TZImagePickerController

EXTERNAL SOURCES:
  XNavigationBar:
    :path: "../"

SPEC CHECKSUMS:
  LookinServer: 0002891cd3cec5e082a910e897dfe71b4f06b89e
  TZImagePickerController: 1f92968aa0e98a06b9e2eccca8560acc19254257
  XNavigationBar: 8a6eab1da50a8667fbe6e92b951981922b431bde

PODFILE CHECKSUM: 8afc2c18bdfc678369209b6f38699bbc1d29c1cb

COCOAPODS: 1.10.0
